
Microsoft Visual Studio Solution File, Format Version 11.00
# Visual Studio 2010
Project("{FAE04EC0-301F-11D3-BF4B-00C04F79EFBC}") = "Blobb", "Assembly-CSharp.csproj", "{73081938-BE60-152F-279D-21A2D6D6A58A}"
EndProject
Global
	GlobalSection(SolutionConfigurationPlatforms) = preSolution
		Debug|Any CPU = Debug|Any CPU
		Release|Any CPU = Release|Any CPU
	EndGlobalSection
	GlobalSection(ProjectConfigurationPlatforms) = postSolution
		{73081938-BE60-152F-279D-21A2D6D6A58A}.Debug|Any CPU.ActiveCfg = Debug|Any CPU
		{73081938-BE60-152F-279D-21A2D6D6A58A}.Debug|Any CPU.Build.0 = Debug|Any CPU
		{73081938-BE60-152F-279D-21A2D6D6A58A}.Release|Any CPU.ActiveCfg = Release|Any CPU
		{73081938-BE60-152F-279D-21A2D6D6A58A}.Release|Any CPU.Build.0 = Release|Any CPU
	EndGlobalSection
	GlobalSection(SolutionProperties) = preSolution
		HideSolutionNode = FALSE
	EndGlobalSection
	GlobalSection(MonoDevelopProperties) = preSolution
		StartupItem = Assembly-CSharp.csproj
	EndGlobalSection
EndGlobal
